
Microsoft Visual Studio Solution File, Format Version 12.00
# Visual Studio Version 17
VisualStudioVersion = 17.4.33122.133
MinimumVisualStudioVersion = 10.0.40219.1
Project("{FAE04EC0-301F-11D3-BF4B-00C04F79EFBC}") = "XUnitTest_User", "XUnitTest_User\XUnitTest_User.csproj", "{A13AA010-04C3-4605-8B91-68DEF2F2889E}"
EndProject
Project("{FAE04EC0-301F-11D3-BF4B-00C04F79EFBC}") = "XUnitTest_User.Test", "XUnitTest_User.Test\XUnitTest_User.Test.csproj", "{9F1F721F-9224-4F8B-BD51-F10A77A3C205}"
EndProject
Global
	GlobalSection(SolutionConfigurationPlatforms) = preSolution
		Debug|Any CPU = Debug|Any CPU
		Release|Any CPU = Release|Any CPU
	EndGlobalSection
	GlobalSection(ProjectConfigurationPlatforms) = postSolution
		{A13AA010-04C3-4605-8B91-68DEF2F2889E}.Debug|Any CPU.ActiveCfg = Debug|Any CPU
		{A13AA010-04C3-4605-8B91-68DEF2F2889E}.Debug|Any CPU.Build.0 = Debug|Any CPU
		{A13AA010-04C3-4605-8B91-68DEF2F2889E}.Release|Any CPU.ActiveCfg = Release|Any CPU
		{A13AA010-04C3-4605-8B91-68DEF2F2889E}.Release|Any CPU.Build.0 = Release|Any CPU
		{9F1F721F-9224-4F8B-BD51-F10A77A3C205}.Debug|Any CPU.ActiveCfg = Debug|Any CPU
		{9F1F721F-9224-4F8B-BD51-F10A77A3C205}.Debug|Any CPU.Build.0 = Debug|Any CPU
		{9F1F721F-9224-4F8B-BD51-F10A77A3C205}.Release|Any CPU.ActiveCfg = Release|Any CPU
		{9F1F721F-9224-4F8B-BD51-F10A77A3C205}.Release|Any CPU.Build.0 = Release|Any CPU
	EndGlobalSection
	GlobalSection(SolutionProperties) = preSolution
		HideSolutionNode = FALSE
	EndGlobalSection
	GlobalSection(ExtensibilityGlobals) = postSolution
		SolutionGuid = {9F4D3C27-8423-4146-8E73-486E935BCE64}
	EndGlobalSection
EndGlobal
